
Microsoft Visual Studio Solution File, Format Version 12.00
# Visual Studio Version 16
VisualStudioVersion = 16.0.30804.86
MinimumVisualStudioVersion = 10.0.40219.1
Project("{9A19103F-16F7-4668-BE54-9A1E7A4F7556}") = "FirstConsole", "FirstConsole\FirstConsole.csproj", "{DC980BD0-6331-4D69-8AFA-A9C7F6353B18}"
EndProject
Project("{FAE04EC0-301F-11D3-BF4B-00C04F79EFBC}") = "WebApplicationApp", "WebApplicationApp\WebApplicationApp.csproj", "{05429CE0-E563-4106-809D-827E20FD50CC}"
EndProject
Global
	GlobalSection(SolutionConfigurationPlatforms) = preSolution
		Debug|Any CPU = Debug|Any CPU
		Release|Any CPU = Release|Any CPU
	EndGlobalSection
	GlobalSection(ProjectConfigurationPlatforms) = postSolution
		{DC980BD0-6331-4D69-8AFA-A9C7F6353B18}.Debug|Any CPU.ActiveCfg = Debug|Any CPU
		{DC980BD0-6331-4D69-8AFA-A9C7F6353B18}.Debug|Any CPU.Build.0 = Debug|Any CPU
		{DC980BD0-6331-4D69-8AFA-A9C7F6353B18}.Release|Any CPU.ActiveCfg = Release|Any CPU
		{DC980BD0-6331-4D69-8AFA-A9C7F6353B18}.Release|Any CPU.Build.0 = Release|Any CPU
		{05429CE0-E563-4106-809D-827E20FD50CC}.Debug|Any CPU.ActiveCfg = Debug|Any CPU
		{05429CE0-E563-4106-809D-827E20FD50CC}.Debug|Any CPU.Build.0 = Debug|Any CPU
		{05429CE0-E563-4106-809D-827E20FD50CC}.Release|Any CPU.ActiveCfg = Release|Any CPU
		{05429CE0-E563-4106-809D-827E20FD50CC}.Release|Any CPU.Build.0 = Release|Any CPU
	EndGlobalSection
	GlobalSection(SolutionProperties) = preSolution
		HideSolutionNode = FALSE
	EndGlobalSection
	GlobalSection(ExtensibilityGlobals) = postSolution
		SolutionGuid = {0261DC02-83BF-41FB-A410-501A05911E2E}
	EndGlobalSection
EndGlobal
